
Microsoft Visual Studio Solution File, Format Version 12.00
# Visual Studio Version 17
VisualStudioVersion = 17.0.32014.148
MinimumVisualStudioVersion = 10.0.40219.1
Project("{FAE04EC0-301F-11D3-BF4B-00C04F79EFBC}") = "WurmSimulator", "WurmSimulator\WurmSimulator.csproj", "{26D62233-8365-43C2-AC18-01496BCDF85B}"
EndProject
Global
	GlobalSection(SolutionConfigurationPlatforms) = preSolution
		Debug|Any CPU = Debug|Any CPU
		Release|Any CPU = Release|Any CPU
	EndGlobalSection
	GlobalSection(ProjectConfigurationPlatforms) = postSolution
		{26D62233-8365-43C2-AC18-01496BCDF85B}.Debug|Any CPU.ActiveCfg = Debug|Any CPU
		{26D62233-8365-43C2-AC18-01496BCDF85B}.Debug|Any CPU.Build.0 = Debug|Any CPU
		{26D62233-8365-43C2-AC18-01496BCDF85B}.Release|Any CPU.ActiveCfg = Release|Any CPU
		{26D62233-8365-43C2-AC18-01496BCDF85B}.Release|Any CPU.Build.0 = Release|Any CPU
	EndGlobalSection
	GlobalSection(SolutionProperties) = preSolution
		HideSolutionNode = FALSE
	EndGlobalSection
	GlobalSection(ExtensibilityGlobals) = postSolution
		SolutionGuid = {99153B20-E3EB-49D3-93AF-B587A9A6DFC3}
	EndGlobalSection
EndGlobal
