
Microsoft Visual Studio Solution File, Format Version 12.00
# Visual Studio Version 17
VisualStudioVersion = 17.0.32014.148
MinimumVisualStudioVersion = 10.0.40219.1
Project("{9A19103F-16F7-4668-BE54-9A1E7A4F7556}") = "WurmSimulator", "WurmSimulator\WurmSimulator.csproj", "{26D62233-8365-43C2-AC18-01496BCDF85B}"
EndProject
Project("{9A19103F-16F7-4668-BE54-9A1E7A4F7556}") = "WurmSimulator.Web", "WurmSimulator.Web\WurmSimulator.Web.csproj", "{BE27DEFB-FF68-4287-AE79-53832620EF59}"
EndProject
Project("{9A19103F-16F7-4668-BE54-9A1E7A4F7556}") = "WurmSimulator.Lib", "WurmSimulator.Lib\WurmSimulator.Lib.csproj", "{B7139A9A-050F-4AF9-BF82-178965178470}"
EndProject
Project("{9A19103F-16F7-4668-BE54-9A1E7A4F7556}") = "WurmSimulator.IsolatedAPI", "WurmSimulator.IsolatedAPI\WurmSimulator.IsolatedAPI.csproj", "{EC96130C-DEAD-47D6-8A7A-70402F9189B8}"
EndProject
Global
	GlobalSection(SolutionConfigurationPlatforms) = preSolution
		Debug|Any CPU = Debug|Any CPU
		Release|Any CPU = Release|Any CPU
	EndGlobalSection
	GlobalSection(ProjectConfigurationPlatforms) = postSolution
		{26D62233-8365-43C2-AC18-01496BCDF85B}.Debug|Any CPU.ActiveCfg = Debug|Any CPU
		{26D62233-8365-43C2-AC18-01496BCDF85B}.Debug|Any CPU.Build.0 = Debug|Any CPU
		{26D62233-8365-43C2-AC18-01496BCDF85B}.Release|Any CPU.ActiveCfg = Release|Any CPU
		{26D62233-8365-43C2-AC18-01496BCDF85B}.Release|Any CPU.Build.0 = Release|Any CPU
		{BE27DEFB-FF68-4287-AE79-53832620EF59}.Debug|Any CPU.ActiveCfg = Debug|Any CPU
		{BE27DEFB-FF68-4287-AE79-53832620EF59}.Debug|Any CPU.Build.0 = Debug|Any CPU
		{BE27DEFB-FF68-4287-AE79-53832620EF59}.Release|Any CPU.ActiveCfg = Release|Any CPU
		{BE27DEFB-FF68-4287-AE79-53832620EF59}.Release|Any CPU.Build.0 = Release|Any CPU
		{B7139A9A-050F-4AF9-BF82-178965178470}.Debug|Any CPU.ActiveCfg = Debug|Any CPU
		{B7139A9A-050F-4AF9-BF82-178965178470}.Debug|Any CPU.Build.0 = Debug|Any CPU
		{B7139A9A-050F-4AF9-BF82-178965178470}.Release|Any CPU.ActiveCfg = Release|Any CPU
		{B7139A9A-050F-4AF9-BF82-178965178470}.Release|Any CPU.Build.0 = Release|Any CPU
		{EC96130C-DEAD-47D6-8A7A-70402F9189B8}.Debug|Any CPU.ActiveCfg = Debug|Any CPU
		{EC96130C-DEAD-47D6-8A7A-70402F9189B8}.Debug|Any CPU.Build.0 = Debug|Any CPU
		{EC96130C-DEAD-47D6-8A7A-70402F9189B8}.Release|Any CPU.ActiveCfg = Release|Any CPU
		{EC96130C-DEAD-47D6-8A7A-70402F9189B8}.Release|Any CPU.Build.0 = Release|Any CPU
	EndGlobalSection
	GlobalSection(SolutionProperties) = preSolution
		HideSolutionNode = FALSE
	EndGlobalSection
	GlobalSection(ExtensibilityGlobals) = postSolution
		SolutionGuid = {99153B20-E3EB-49D3-93AF-B587A9A6DFC3}
	EndGlobalSection
EndGlobal
